
Microsoft Visual Studio Solution File, Format Version 12.00
# Visual Studio Version 17
VisualStudioVersion = 17.9.34607.119
MinimumVisualStudioVersion = 10.0.40219.1
Project("{FAE04EC0-301F-11D3-BF4B-00C04F79EFBC}") = "FileParser", "FileParser\FileParser.csproj", "{E3DF091E-A515-41AA-9A26-5C1E9BA0FBB9}"
EndProject
Global
	GlobalSection(SolutionConfigurationPlatforms) = preSolution
		Debug|Any CPU = Debug|Any CPU
		Release|Any CPU = Release|Any CPU
	EndGlobalSection
	GlobalSection(ProjectConfigurationPlatforms) = postSolution
		{E3DF091E-A515-41AA-9A26-5C1E9BA0FBB9}.Debug|Any CPU.ActiveCfg = Debug|Any CPU
		{E3DF091E-A515-41AA-9A26-5C1E9BA0FBB9}.Debug|Any CPU.Build.0 = Debug|Any CPU
		{E3DF091E-A515-41AA-9A26-5C1E9BA0FBB9}.Release|Any CPU.ActiveCfg = Release|Any CPU
		{E3DF091E-A515-41AA-9A26-5C1E9BA0FBB9}.Release|Any CPU.Build.0 = Release|Any CPU
	EndGlobalSection
	GlobalSection(SolutionProperties) = preSolution
		HideSolutionNode = FALSE
	EndGlobalSection
	GlobalSection(ExtensibilityGlobals) = postSolution
		SolutionGuid = {1D82B215-C96D-4A3D-AFF5-796422394917}
	EndGlobalSection
EndGlobal
