
Microsoft Visual Studio Solution File, Format Version 12.00
# Visual Studio Version 17
VisualStudioVersion = 17.9.34607.119
MinimumVisualStudioVersion = 10.0.40219.1
Project("{FAE04EC0-301F-11D3-BF4B-00C04F79EFBC}") = "C#_Study", "C#_Study\C#_Study.csproj", "{49559337-8141-442E-AC0E-DDDBC171BBE8}"
EndProject
Project("{FAE04EC0-301F-11D3-BF4B-00C04F79EFBC}") = "Lab_4(V14)", "Шишкин\Lab_4(V14).csproj", "{7FF3BF0E-53FF-4948-A334-F8718E43545D}"
EndProject
Project("{FAE04EC0-301F-11D3-BF4B-00C04F79EFBC}") = "Lab4.2", "Lab4.2\Lab4.2.csproj", "{9600B52C-9D87-4045-BDB4-1AE2ABA44CA2}"
EndProject
Global
	GlobalSection(SolutionConfigurationPlatforms) = preSolution
		Debug|Any CPU = Debug|Any CPU
		Release|Any CPU = Release|Any CPU
	EndGlobalSection
	GlobalSection(ProjectConfigurationPlatforms) = postSolution
		{49559337-8141-442E-AC0E-DDDBC171BBE8}.Debug|Any CPU.ActiveCfg = Debug|Any CPU
		{49559337-8141-442E-AC0E-DDDBC171BBE8}.Debug|Any CPU.Build.0 = Debug|Any CPU
		{49559337-8141-442E-AC0E-DDDBC171BBE8}.Release|Any CPU.ActiveCfg = Release|Any CPU
		{49559337-8141-442E-AC0E-DDDBC171BBE8}.Release|Any CPU.Build.0 = Release|Any CPU
		{7FF3BF0E-53FF-4948-A334-F8718E43545D}.Debug|Any CPU.ActiveCfg = Debug|Any CPU
		{7FF3BF0E-53FF-4948-A334-F8718E43545D}.Debug|Any CPU.Build.0 = Debug|Any CPU
		{7FF3BF0E-53FF-4948-A334-F8718E43545D}.Release|Any CPU.ActiveCfg = Release|Any CPU
		{7FF3BF0E-53FF-4948-A334-F8718E43545D}.Release|Any CPU.Build.0 = Release|Any CPU
		{9600B52C-9D87-4045-BDB4-1AE2ABA44CA2}.Debug|Any CPU.ActiveCfg = Debug|Any CPU
		{9600B52C-9D87-4045-BDB4-1AE2ABA44CA2}.Debug|Any CPU.Build.0 = Debug|Any CPU
		{9600B52C-9D87-4045-BDB4-1AE2ABA44CA2}.Release|Any CPU.ActiveCfg = Release|Any CPU
		{9600B52C-9D87-4045-BDB4-1AE2ABA44CA2}.Release|Any CPU.Build.0 = Release|Any CPU
	EndGlobalSection
	GlobalSection(SolutionProperties) = preSolution
		HideSolutionNode = FALSE
	EndGlobalSection
	GlobalSection(ExtensibilityGlobals) = postSolution
		SolutionGuid = {E2933063-115B-479B-9E7A-59C45B63CE63}
	EndGlobalSection
EndGlobal
